
Microsoft Visual Studio Solution File, Format Version 12.00
# Visual Studio Version 17
VisualStudioVersion = 17.5.2.0
MinimumVisualStudioVersion = 10.0.40219.1
Project("{2150E333-8FDC-42A3-9474-1A3956D46DE8}") = "23maj", "23maj", "{AE2BD516-4218-388C-8509-EEBD149F789E}"
EndProject
Project("{2150E333-8FDC-42A3-9474-1A3956D46DE8}") = "e_digkultfor_23maj_fl", "e_digkultfor_23maj_fl", "{E27FC56C-98CC-4B5B-02F1-55FAF91F84C4}"
EndProject
Project("{2150E333-8FDC-42A3-9474-1A3956D46DE8}") = "Forras", "Forras", "{105B765D-898B-24F8-3D75-3A6F647DE963}"
EndProject
Project("{2150E333-8FDC-42A3-9474-1A3956D46DE8}") = "3_Utemezes", "3_Utemezes", "{99172340-2514-68A2-C401-EA515CA2E19C}"
EndProject
Project("{2150E333-8FDC-42A3-9474-1A3956D46DE8}") = "utemez", "utemez", "{E972B877-AF71-86D0-165A-E8016B6B03DA}"
EndProject
Project("{FAE04EC0-301F-11D3-BF4B-00C04F79EFBC}") = "utemez", "23maj\e_digkultfor_23maj_fl\Forras\3_Utemezes\utemez\utemez\utemez.csproj", "{55B81324-EB09-2985-EC7E-438503A5485E}"
EndProject
Project("{FAE04EC0-301F-11D3-BF4B-00C04F79EFBC}") = "sebesseg", "sebesseg\sebesseg.csproj", "{9BBF0A63-4634-4FBF-9365-E0386C47630C}"
EndProject
Project("{2150E333-8FDC-42A3-9474-1A3956D46DE8}") = "25okt", "25okt", "{061CF231-921B-DB9B-8C1B-4E8FE11D5E64}"
EndProject
Project("{2150E333-8FDC-42A3-9474-1A3956D46DE8}") = "e_digkultfor_25okt_fl", "e_digkultfor_25okt_fl", "{C0626879-9BC9-42E7-B8BA-AABF176F193A}"
EndProject
Project("{2150E333-8FDC-42A3-9474-1A3956D46DE8}") = "Forras", "Forras", "{B04E9380-C842-9B37-D4CD-533450D44576}"
EndProject
Project("{2150E333-8FDC-42A3-9474-1A3956D46DE8}") = "3_Sebesseg", "3_Sebesseg", "{1C3557B8-94E6-44C5-5127-9B7F6DF86036}"
EndProject
Project("{FAE04EC0-301F-11D3-BF4B-00C04F79EFBC}") = "sebesseg", "25okt\e_digkultfor_25okt_fl\Forras\3_Sebesseg\sebesseg\sebesseg.csproj", "{EC9E535B-8B1B-4A63-BF90-3545AE36D917}"
EndProject
Global
	GlobalSection(SolutionConfigurationPlatforms) = preSolution
		Debug|Any CPU = Debug|Any CPU
		Debug|x64 = Debug|x64
		Debug|x86 = Debug|x86
		Release|Any CPU = Release|Any CPU
		Release|x64 = Release|x64
		Release|x86 = Release|x86
	EndGlobalSection
	GlobalSection(ProjectConfigurationPlatforms) = postSolution
		{55B81324-EB09-2985-EC7E-438503A5485E}.Debug|Any CPU.ActiveCfg = Debug|Any CPU
		{55B81324-EB09-2985-EC7E-438503A5485E}.Debug|Any CPU.Build.0 = Debug|Any CPU
		{55B81324-EB09-2985-EC7E-438503A5485E}.Debug|x64.ActiveCfg = Debug|Any CPU
		{55B81324-EB09-2985-EC7E-438503A5485E}.Debug|x64.Build.0 = Debug|Any CPU
		{55B81324-EB09-2985-EC7E-438503A5485E}.Debug|x86.ActiveCfg = Debug|Any CPU
		{55B81324-EB09-2985-EC7E-438503A5485E}.Debug|x86.Build.0 = Debug|Any CPU
		{55B81324-EB09-2985-EC7E-438503A5485E}.Release|Any CPU.ActiveCfg = Release|Any CPU
		{55B81324-EB09-2985-EC7E-438503A5485E}.Release|Any CPU.Build.0 = Release|Any CPU
		{55B81324-EB09-2985-EC7E-438503A5485E}.Release|x64.ActiveCfg = Release|Any CPU
		{55B81324-EB09-2985-EC7E-438503A5485E}.Release|x64.Build.0 = Release|Any CPU
		{55B81324-EB09-2985-EC7E-438503A5485E}.Release|x86.ActiveCfg = Release|Any CPU
		{55B81324-EB09-2985-EC7E-438503A5485E}.Release|x86.Build.0 = Release|Any CPU
		{9BBF0A63-4634-4FBF-9365-E0386C47630C}.Debug|Any CPU.ActiveCfg = Debug|Any CPU
		{9BBF0A63-4634-4FBF-9365-E0386C47630C}.Debug|Any CPU.Build.0 = Debug|Any CPU
		{9BBF0A63-4634-4FBF-9365-E0386C47630C}.Debug|x64.ActiveCfg = Debug|Any CPU
		{9BBF0A63-4634-4FBF-9365-E0386C47630C}.Debug|x64.Build.0 = Debug|Any CPU
		{9BBF0A63-4634-4FBF-9365-E0386C47630C}.Debug|x86.ActiveCfg = Debug|Any CPU
		{9BBF0A63-4634-4FBF-9365-E0386C47630C}.Debug|x86.Build.0 = Debug|Any CPU
		{9BBF0A63-4634-4FBF-9365-E0386C47630C}.Release|Any CPU.ActiveCfg = Release|Any CPU
		{9BBF0A63-4634-4FBF-9365-E0386C47630C}.Release|Any CPU.Build.0 = Release|Any CPU
		{9BBF0A63-4634-4FBF-9365-E0386C47630C}.Release|x64.ActiveCfg = Release|Any CPU
		{9BBF0A63-4634-4FBF-9365-E0386C47630C}.Release|x64.Build.0 = Release|Any CPU
		{9BBF0A63-4634-4FBF-9365-E0386C47630C}.Release|x86.ActiveCfg = Release|Any CPU
		{9BBF0A63-4634-4FBF-9365-E0386C47630C}.Release|x86.Build.0 = Release|Any CPU
		{EC9E535B-8B1B-4A63-BF90-3545AE36D917}.Debug|Any CPU.ActiveCfg = Debug|Any CPU
		{EC9E535B-8B1B-4A63-BF90-3545AE36D917}.Debug|Any CPU.Build.0 = Debug|Any CPU
		{EC9E535B-8B1B-4A63-BF90-3545AE36D917}.Debug|x64.ActiveCfg = Debug|Any CPU
		{EC9E535B-8B1B-4A63-BF90-3545AE36D917}.Debug|x64.Build.0 = Debug|Any CPU
		{EC9E535B-8B1B-4A63-BF90-3545AE36D917}.Debug|x86.ActiveCfg = Debug|Any CPU
		{EC9E535B-8B1B-4A63-BF90-3545AE36D917}.Debug|x86.Build.0 = Debug|Any CPU
		{EC9E535B-8B1B-4A63-BF90-3545AE36D917}.Release|Any CPU.ActiveCfg = Release|Any CPU
		{EC9E535B-8B1B-4A63-BF90-3545AE36D917}.Release|Any CPU.Build.0 = Release|Any CPU
		{EC9E535B-8B1B-4A63-BF90-3545AE36D917}.Release|x64.ActiveCfg = Release|Any CPU
		{EC9E535B-8B1B-4A63-BF90-3545AE36D917}.Release|x64.Build.0 = Release|Any CPU
		{EC9E535B-8B1B-4A63-BF90-3545AE36D917}.Release|x86.ActiveCfg = Release|Any CPU
		{EC9E535B-8B1B-4A63-BF90-3545AE36D917}.Release|x86.Build.0 = Release|Any CPU
	EndGlobalSection
	GlobalSection(SolutionProperties) = preSolution
		HideSolutionNode = FALSE
	EndGlobalSection
	GlobalSection(NestedProjects) = preSolution
		{E27FC56C-98CC-4B5B-02F1-55FAF91F84C4} = {AE2BD516-4218-388C-8509-EEBD149F789E}
		{105B765D-898B-24F8-3D75-3A6F647DE963} = {E27FC56C-98CC-4B5B-02F1-55FAF91F84C4}
		{99172340-2514-68A2-C401-EA515CA2E19C} = {105B765D-898B-24F8-3D75-3A6F647DE963}
		{E972B877-AF71-86D0-165A-E8016B6B03DA} = {99172340-2514-68A2-C401-EA515CA2E19C}
		{55B81324-EB09-2985-EC7E-438503A5485E} = {E972B877-AF71-86D0-165A-E8016B6B03DA}
		{C0626879-9BC9-42E7-B8BA-AABF176F193A} = {061CF231-921B-DB9B-8C1B-4E8FE11D5E64}
		{B04E9380-C842-9B37-D4CD-533450D44576} = {C0626879-9BC9-42E7-B8BA-AABF176F193A}
		{1C3557B8-94E6-44C5-5127-9B7F6DF86036} = {B04E9380-C842-9B37-D4CD-533450D44576}
		{EC9E535B-8B1B-4A63-BF90-3545AE36D917} = {1C3557B8-94E6-44C5-5127-9B7F6DF86036}
	EndGlobalSection
	GlobalSection(ExtensibilityGlobals) = postSolution
		SolutionGuid = {5053BF5A-6B4A-4E7D-8ECF-A327DB70FE7E}
	EndGlobalSection
EndGlobal
